
Microsoft Visual Studio Solution File, Format Version 12.00
# Visual Studio Version 16
VisualStudioVersion = 16.0.30114.105
MinimumVisualStudioVersion = 10.0.40219.1
Project("{2150E333-8FDC-42A3-9474-1A3956D46DE8}") = "src", "src", "{5309CCF2-B826-43AB-A7D6-1C19851E4214}"
EndProject
Project("{FAE04EC0-301F-11D3-BF4B-00C04F79EFBC}") = "CommandAPI", "src\CommandAPI\CommandAPI.csproj", "{2AAC9223-3F01-43D7-BA5F-7C257D6AE6FE}"
EndProject
Project("{2150E333-8FDC-42A3-9474-1A3956D46DE8}") = "test", "test", "{88BFC2BA-47C9-486B-BB25-EDC0FE82C25F}"
EndProject
Project("{FAE04EC0-301F-11D3-BF4B-00C04F79EFBC}") = "CommandAPI.Tests", "test\CommandAPI.Tests\CommandAPI.Tests.csproj", "{6372D027-8BC2-4744-AF54-762A0FAA13F2}"
EndProject
Global
	GlobalSection(SolutionConfigurationPlatforms) = preSolution
		Debug|Any CPU = Debug|Any CPU
		Debug|x64 = Debug|x64
		Debug|x86 = Debug|x86
		Release|Any CPU = Release|Any CPU
		Release|x64 = Release|x64
		Release|x86 = Release|x86
	EndGlobalSection
	GlobalSection(SolutionProperties) = preSolution
		HideSolutionNode = FALSE
	EndGlobalSection
	GlobalSection(ProjectConfigurationPlatforms) = postSolution
		{2AAC9223-3F01-43D7-BA5F-7C257D6AE6FE}.Debug|Any CPU.ActiveCfg = Debug|Any CPU
		{2AAC9223-3F01-43D7-BA5F-7C257D6AE6FE}.Debug|Any CPU.Build.0 = Debug|Any CPU
		{2AAC9223-3F01-43D7-BA5F-7C257D6AE6FE}.Debug|x64.ActiveCfg = Debug|Any CPU
		{2AAC9223-3F01-43D7-BA5F-7C257D6AE6FE}.Debug|x64.Build.0 = Debug|Any CPU
		{2AAC9223-3F01-43D7-BA5F-7C257D6AE6FE}.Debug|x86.ActiveCfg = Debug|Any CPU
		{2AAC9223-3F01-43D7-BA5F-7C257D6AE6FE}.Debug|x86.Build.0 = Debug|Any CPU
		{2AAC9223-3F01-43D7-BA5F-7C257D6AE6FE}.Release|Any CPU.ActiveCfg = Release|Any CPU
		{2AAC9223-3F01-43D7-BA5F-7C257D6AE6FE}.Release|Any CPU.Build.0 = Release|Any CPU
		{2AAC9223-3F01-43D7-BA5F-7C257D6AE6FE}.Release|x64.ActiveCfg = Release|Any CPU
		{2AAC9223-3F01-43D7-BA5F-7C257D6AE6FE}.Release|x64.Build.0 = Release|Any CPU
		{2AAC9223-3F01-43D7-BA5F-7C257D6AE6FE}.Release|x86.ActiveCfg = Release|Any CPU
		{2AAC9223-3F01-43D7-BA5F-7C257D6AE6FE}.Release|x86.Build.0 = Release|Any CPU
		{6372D027-8BC2-4744-AF54-762A0FAA13F2}.Debug|Any CPU.ActiveCfg = Debug|Any CPU
		{6372D027-8BC2-4744-AF54-762A0FAA13F2}.Debug|Any CPU.Build.0 = Debug|Any CPU
		{6372D027-8BC2-4744-AF54-762A0FAA13F2}.Debug|x64.ActiveCfg = Debug|Any CPU
		{6372D027-8BC2-4744-AF54-762A0FAA13F2}.Debug|x64.Build.0 = Debug|Any CPU
		{6372D027-8BC2-4744-AF54-762A0FAA13F2}.Debug|x86.ActiveCfg = Debug|Any CPU
		{6372D027-8BC2-4744-AF54-762A0FAA13F2}.Debug|x86.Build.0 = Debug|Any CPU
		{6372D027-8BC2-4744-AF54-762A0FAA13F2}.Release|Any CPU.ActiveCfg = Release|Any CPU
		{6372D027-8BC2-4744-AF54-762A0FAA13F2}.Release|Any CPU.Build.0 = Release|Any CPU
		{6372D027-8BC2-4744-AF54-762A0FAA13F2}.Release|x64.ActiveCfg = Release|Any CPU
		{6372D027-8BC2-4744-AF54-762A0FAA13F2}.Release|x64.Build.0 = Release|Any CPU
		{6372D027-8BC2-4744-AF54-762A0FAA13F2}.Release|x86.ActiveCfg = Release|Any CPU
		{6372D027-8BC2-4744-AF54-762A0FAA13F2}.Release|x86.Build.0 = Release|Any CPU
	EndGlobalSection
	GlobalSection(NestedProjects) = preSolution
		{2AAC9223-3F01-43D7-BA5F-7C257D6AE6FE} = {5309CCF2-B826-43AB-A7D6-1C19851E4214}
		{6372D027-8BC2-4744-AF54-762A0FAA13F2} = {88BFC2BA-47C9-486B-BB25-EDC0FE82C25F}
	EndGlobalSection
EndGlobal
